
Microsoft Visual Studio Solution File, Format Version 12.00
# Visual Studio Version 16
VisualStudioVersion = 16.0.32428.217
MinimumVisualStudioVersion = 10.0.40219.1
Project("{FAE04EC0-301F-11D3-BF4B-00C04F79EFBC}") = "CsharpPart1", "CsharpPart1.csproj", "{08BD2E0E-3AA5-4F6C-8E65-AA55F313CE89}"
EndProject
Global
	GlobalSection(SolutionConfigurationPlatforms) = preSolution
		Debug|Any CPU = Debug|Any CPU
		Release|Any CPU = Release|Any CPU
	EndGlobalSection
	GlobalSection(ProjectConfigurationPlatforms) = postSolution
		{08BD2E0E-3AA5-4F6C-8E65-AA55F313CE89}.Debug|Any CPU.ActiveCfg = Debug|Any CPU
		{08BD2E0E-3AA5-4F6C-8E65-AA55F313CE89}.Debug|Any CPU.Build.0 = Debug|Any CPU
		{08BD2E0E-3AA5-4F6C-8E65-AA55F313CE89}.Release|Any CPU.ActiveCfg = Release|Any CPU
		{08BD2E0E-3AA5-4F6C-8E65-AA55F313CE89}.Release|Any CPU.Build.0 = Release|Any CPU
	EndGlobalSection
	GlobalSection(SolutionProperties) = preSolution
		HideSolutionNode = FALSE
	EndGlobalSection
	GlobalSection(ExtensibilityGlobals) = postSolution
		SolutionGuid = {A14197F6-F215-42FC-B157-06B1C9B04E15}
	EndGlobalSection
EndGlobal
